
Microsoft Visual Studio Solution File, Format Version 12.00
# Visual Studio 15
VisualStudioVersion = 15.0.28307.572
MinimumVisualStudioVersion = 10.0.40219.1
Project("{FAE04EC0-301F-11D3-BF4B-00C04F79EFBC}") = "People.Android", "People\People.Android\People.Android.csproj", "{DA468315-277C-4A7D-889E-E014F1BE9F53}"
EndProject
Project("{FAE04EC0-301F-11D3-BF4B-00C04F79EFBC}") = "People", "People\People\People.csproj", "{0DD453C1-D7FD-48CE-A03E-D41B1BB53421}"
EndProject
Global
	GlobalSection(SolutionConfigurationPlatforms) = preSolution
		Debug|Any CPU = Debug|Any CPU
		Release|Any CPU = Release|Any CPU
	EndGlobalSection
	GlobalSection(ProjectConfigurationPlatforms) = postSolution
		{DA468315-277C-4A7D-889E-E014F1BE9F53}.Debug|Any CPU.ActiveCfg = Debug|Any CPU
		{DA468315-277C-4A7D-889E-E014F1BE9F53}.Debug|Any CPU.Build.0 = Debug|Any CPU
		{DA468315-277C-4A7D-889E-E014F1BE9F53}.Debug|Any CPU.Deploy.0 = Debug|Any CPU
		{DA468315-277C-4A7D-889E-E014F1BE9F53}.Release|Any CPU.ActiveCfg = Release|Any CPU
		{DA468315-277C-4A7D-889E-E014F1BE9F53}.Release|Any CPU.Build.0 = Release|Any CPU
		{DA468315-277C-4A7D-889E-E014F1BE9F53}.Release|Any CPU.Deploy.0 = Release|Any CPU
		{0DD453C1-D7FD-48CE-A03E-D41B1BB53421}.Debug|Any CPU.ActiveCfg = Debug|Any CPU
		{0DD453C1-D7FD-48CE-A03E-D41B1BB53421}.Debug|Any CPU.Build.0 = Debug|Any CPU
		{0DD453C1-D7FD-48CE-A03E-D41B1BB53421}.Debug|Any CPU.Deploy.0 = Debug|Any CPU
		{0DD453C1-D7FD-48CE-A03E-D41B1BB53421}.Release|Any CPU.ActiveCfg = Release|Any CPU
		{0DD453C1-D7FD-48CE-A03E-D41B1BB53421}.Release|Any CPU.Build.0 = Release|Any CPU
		{0DD453C1-D7FD-48CE-A03E-D41B1BB53421}.Release|Any CPU.Deploy.0 = Release|Any CPU
	EndGlobalSection
	GlobalSection(SolutionProperties) = preSolution
		HideSolutionNode = FALSE
	EndGlobalSection
	GlobalSection(ExtensibilityGlobals) = postSolution
		SolutionGuid = {DC41506E-449C-45EC-B98C-F08606A04FFB}
	EndGlobalSection
EndGlobal
